<?xml version="1.0" encoding="UTF-8" standalone="yes" ?>
<CodeBlocks_project_file>
	<FileVersion major="1" minor="6" />
	<Project>
		<Option title="fatFinger" />
		<Option pch_mode="2" />
		<Option compiler="gcc" />
		<Build>
			<Target title="Debug">
				<Option output="bin/Debug/fatFinger" prefix_auto="1" extension_auto="1" />
				<Option object_output="obj/Debug/" />
				<Option type="1" />
				<Option compiler="gcc" />
				<Compiler>
					<Add option="-g" />
					<Add directory="../fatFinger" />
					<Add directory="api/test" />
					<Add directory="createThead" />
				</Compiler>
				<Linker>
					<Add library="/home/sxy/Desktop/fat_finger/fatFinger/api/trade/public/thostmduserapi.so" />
					<Add library="/home/sxy/Desktop/fat_finger/fatFinger/api/trade/public/thosttraderapi.so" />
				</Linker>
			</Target>
			<Target title="Release">
				<Option output="bin/Release/fatFinger" prefix_auto="1" extension_auto="1" />
				<Option object_output="obj/Release/" />
				<Option type="1" />
				<Option compiler="gcc" />
				<Compiler>
					<Add option="-O2" />
					<Add directory="api/test" />
					<Add directory="createThead" />
				</Compiler>
				<Linker>
					<Add option="-s" />
				</Linker>
			</Target>
		</Build>
		<Compiler>
			<Add option="-Wall" />
			<Add option="-fexceptions" />
		</Compiler>
		<Unit filename="api/md/mdspi.cpp" />
		<Unit filename="api/md/mdspi.h" />
		<Unit filename="api/trade/public/ThostFtdcMdApi.h" />
		<Unit filename="api/trade/public/ThostFtdcTraderApi.h" />
		<Unit filename="api/trade/public/ThostFtdcUserApiDataType.h" />
		<Unit filename="api/trade/public/ThostFtdcUserApiStruct.h" />
		<Unit filename="api/trader/traderspi.cpp" />
		<Unit filename="api/trader/traderspi.h" />
		<Unit filename="basicFun/basicFun.cpp" />
		<Unit filename="basicFun/basicFun.h" />
		<Unit filename="config.h" />
		<Unit filename="main.cpp" />
		<Unit filename="main.h" />
		<Extensions>
			<code_completion />
			<debugger />
		</Extensions>
	</Project>
</CodeBlocks_project_file>
